
Microsoft Visual Studio Solution File, Format Version 12.00
# Visual Studio Version 16
VisualStudioVersion = 16.0.30717.126
MinimumVisualStudioVersion = 10.0.40219.1
Project("{FAE04EC0-301F-11D3-BF4B-00C04F79EFBC}") = "lambdalinqdelegate", "lambdalinqdelegate\lambdalinqdelegate.csproj", "{9AEAD9C9-0098-405B-BF77-7C1FD2B0B982}"
EndProject
Global
	GlobalSection(SolutionConfigurationPlatforms) = preSolution
		Debug|Any CPU = Debug|Any CPU
		Release|Any CPU = Release|Any CPU
	EndGlobalSection
	GlobalSection(ProjectConfigurationPlatforms) = postSolution
		{9AEAD9C9-0098-405B-BF77-7C1FD2B0B982}.Debug|Any CPU.ActiveCfg = Debug|Any CPU
		{9AEAD9C9-0098-405B-BF77-7C1FD2B0B982}.Debug|Any CPU.Build.0 = Debug|Any CPU
		{9AEAD9C9-0098-405B-BF77-7C1FD2B0B982}.Release|Any CPU.ActiveCfg = Release|Any CPU
		{9AEAD9C9-0098-405B-BF77-7C1FD2B0B982}.Release|Any CPU.Build.0 = Release|Any CPU
	EndGlobalSection
	GlobalSection(SolutionProperties) = preSolution
		HideSolutionNode = FALSE
	EndGlobalSection
	GlobalSection(ExtensibilityGlobals) = postSolution
		SolutionGuid = {20BBE789-8AC4-450D-83EB-571B40A0A56C}
	EndGlobalSection
EndGlobal
